
Microsoft Visual Studio Solution File, Format Version 12.00
# Visual Studio Version 17
VisualStudioVersion = 17.5.002.0
MinimumVisualStudioVersion = 10.0.40219.1
Project("{9A19103F-16F7-4668-BE54-9A1E7A4F7556}") = "Learning05", "Learning05.csproj", "{EC7A7EBF-3A3C-4680-AE2C-31A02CCFA339}"
EndProject
Global
	GlobalSection(SolutionConfigurationPlatforms) = preSolution
		Debug|Any CPU = Debug|Any CPU
		Release|Any CPU = Release|Any CPU
	EndGlobalSection
	GlobalSection(ProjectConfigurationPlatforms) = postSolution
		{EC7A7EBF-3A3C-4680-AE2C-31A02CCFA339}.Debug|Any CPU.ActiveCfg = Debug|Any CPU
		{EC7A7EBF-3A3C-4680-AE2C-31A02CCFA339}.Debug|Any CPU.Build.0 = Debug|Any CPU
		{EC7A7EBF-3A3C-4680-AE2C-31A02CCFA339}.Release|Any CPU.ActiveCfg = Release|Any CPU
		{EC7A7EBF-3A3C-4680-AE2C-31A02CCFA339}.Release|Any CPU.Build.0 = Release|Any CPU
	EndGlobalSection
	GlobalSection(SolutionProperties) = preSolution
		HideSolutionNode = FALSE
	EndGlobalSection
	GlobalSection(ExtensibilityGlobals) = postSolution
		SolutionGuid = {9014F7BB-F416-4A8D-9240-8A705FD5FC0C}
	EndGlobalSection
EndGlobal
